{
  "name": "PercoTunes",
  "requires": true,
  "lockfileVersion": 1,
  "dependencies": {
    "bindings": {
      "version": "1.2.1",
      "resolved": "https://registry.npmjs.org/bindings/-/bindings-1.2.1.tgz",
      "integrity": "sha1-FK1hE4EtLTfXLme0ystLtyZQXxE="
    },
    "libpq": {
      "version": "1.8.8",
      "resolved": "https://registry.npmjs.org/libpq/-/libpq-1.8.8.tgz",
      "integrity": "sha512-0TVzqkbAZZiM8JJy5sagRyXOkvU9zTBlgGX6YdzuWECobc5F81Tp6uuS+djMZrnB5YN4O/ff52hsvXYBRW2gdQ==",
      "requires": {
        "bindings": "1.2.1",
        "nan": "^2.10.0"
      }
    },
    "nan": {
      "version": "2.10.0",
      "resolved": "https://registry.npmjs.org/nan/-/nan-2.10.0.tgz",
      "integrity": "sha512-bAdJv7fBLhWC+/Bls0Oza+mvTaNQtP+1RyhhhvD95pgUJz6XM5IzgmxOkItJ9tkoCiplvAnXI1tNmmUD/eScyA=="
    }
  }
}
